
Microsoft Visual Studio Solution File, Format Version 12.00
# Visual Studio 15
VisualStudioVersion = 15.0.28307.1738
MinimumVisualStudioVersion = 10.0.40219.1
Project("{FAE04EC0-301F-11D3-BF4B-00C04F79EFBC}") = "CampaignManagement", "CampaignManagement\CampaignManagement.csproj", "{D1479322-CBB3-4405-B44D-700E4571D3F9}"
EndProject
Project("{2150E333-8FDC-42A3-9474-1A3956D46DE8}") = "Test", "Test", "{82D5B376-3705-41BD-A5AE-1856786C4C58}"
EndProject
Project("{2150E333-8FDC-42A3-9474-1A3956D46DE8}") = "InitialConsoleApp", "InitialConsoleApp", "{2D193074-4A62-4680-A9B0-AAF660568AA4}"
EndProject
Project("{2150E333-8FDC-42A3-9474-1A3956D46DE8}") = "WepApi", "WepApi", "{1F811184-F195-46F9-8490-40BFB04C8845}"
EndProject
Project("{9A19103F-16F7-4668-BE54-9A1E7A4F7556}") = "CampaignManagementWebApi", "CampaignManagementWebApi\CampaignManagementWebApi.csproj", "{1727E43B-3BC1-4905-B34D-2B5D2D65D367}"
EndProject
Project("{FAE04EC0-301F-11D3-BF4B-00C04F79EFBC}") = "Entity", "Entity\Entity.csproj", "{67862DE0-D3E6-4D10-BED4-D10E3018B98C}"
EndProject
Project("{FAE04EC0-301F-11D3-BF4B-00C04F79EFBC}") = "Services", "Services\Services.csproj", "{D3A62FC9-4FA1-4237-9CA6-7AB000C18504}"
EndProject
Project("{FAE04EC0-301F-11D3-BF4B-00C04F79EFBC}") = "CampaignManagementTest", "CampaignManagementTest\CampaignManagementTest.csproj", "{EDB91615-5E9F-4F50-8A45-75694944BFC0}"
EndProject
Global
	GlobalSection(SolutionConfigurationPlatforms) = preSolution
		Debug|Any CPU = Debug|Any CPU
		Debug|ARM = Debug|ARM
		Debug|ARM64 = Debug|ARM64
		Debug|x64 = Debug|x64
		Debug|x86 = Debug|x86
		Release|Any CPU = Release|Any CPU
		Release|ARM = Release|ARM
		Release|ARM64 = Release|ARM64
		Release|x64 = Release|x64
		Release|x86 = Release|x86
	EndGlobalSection
	GlobalSection(ProjectConfigurationPlatforms) = postSolution
		{D1479322-CBB3-4405-B44D-700E4571D3F9}.Debug|Any CPU.ActiveCfg = Debug|Any CPU
		{D1479322-CBB3-4405-B44D-700E4571D3F9}.Debug|Any CPU.Build.0 = Debug|Any CPU
		{D1479322-CBB3-4405-B44D-700E4571D3F9}.Debug|ARM.ActiveCfg = Debug|Any CPU
		{D1479322-CBB3-4405-B44D-700E4571D3F9}.Debug|ARM.Build.0 = Debug|Any CPU
		{D1479322-CBB3-4405-B44D-700E4571D3F9}.Debug|ARM64.ActiveCfg = Debug|Any CPU
		{D1479322-CBB3-4405-B44D-700E4571D3F9}.Debug|ARM64.Build.0 = Debug|Any CPU
		{D1479322-CBB3-4405-B44D-700E4571D3F9}.Debug|x64.ActiveCfg = Debug|Any CPU
		{D1479322-CBB3-4405-B44D-700E4571D3F9}.Debug|x64.Build.0 = Debug|Any CPU
		{D1479322-CBB3-4405-B44D-700E4571D3F9}.Debug|x86.ActiveCfg = Debug|Any CPU
		{D1479322-CBB3-4405-B44D-700E4571D3F9}.Debug|x86.Build.0 = Debug|Any CPU
		{D1479322-CBB3-4405-B44D-700E4571D3F9}.Release|Any CPU.ActiveCfg = Release|Any CPU
		{D1479322-CBB3-4405-B44D-700E4571D3F9}.Release|Any CPU.Build.0 = Release|Any CPU
		{D1479322-CBB3-4405-B44D-700E4571D3F9}.Release|ARM.ActiveCfg = Release|Any CPU
		{D1479322-CBB3-4405-B44D-700E4571D3F9}.Release|ARM.Build.0 = Release|Any CPU
		{D1479322-CBB3-4405-B44D-700E4571D3F9}.Release|ARM64.ActiveCfg = Release|Any CPU
		{D1479322-CBB3-4405-B44D-700E4571D3F9}.Release|ARM64.Build.0 = Release|Any CPU
		{D1479322-CBB3-4405-B44D-700E4571D3F9}.Release|x64.ActiveCfg = Release|Any CPU
		{D1479322-CBB3-4405-B44D-700E4571D3F9}.Release|x64.Build.0 = Release|Any CPU
		{D1479322-CBB3-4405-B44D-700E4571D3F9}.Release|x86.ActiveCfg = Release|Any CPU
		{D1479322-CBB3-4405-B44D-700E4571D3F9}.Release|x86.Build.0 = Release|Any CPU
		{1727E43B-3BC1-4905-B34D-2B5D2D65D367}.Debug|Any CPU.ActiveCfg = Debug|Any CPU
		{1727E43B-3BC1-4905-B34D-2B5D2D65D367}.Debug|Any CPU.Build.0 = Debug|Any CPU
		{1727E43B-3BC1-4905-B34D-2B5D2D65D367}.Debug|ARM.ActiveCfg = Debug|Any CPU
		{1727E43B-3BC1-4905-B34D-2B5D2D65D367}.Debug|ARM.Build.0 = Debug|Any CPU
		{1727E43B-3BC1-4905-B34D-2B5D2D65D367}.Debug|ARM64.ActiveCfg = Debug|Any CPU
		{1727E43B-3BC1-4905-B34D-2B5D2D65D367}.Debug|ARM64.Build.0 = Debug|Any CPU
		{1727E43B-3BC1-4905-B34D-2B5D2D65D367}.Debug|x64.ActiveCfg = Debug|Any CPU
		{1727E43B-3BC1-4905-B34D-2B5D2D65D367}.Debug|x64.Build.0 = Debug|Any CPU
		{1727E43B-3BC1-4905-B34D-2B5D2D65D367}.Debug|x86.ActiveCfg = Debug|Any CPU
		{1727E43B-3BC1-4905-B34D-2B5D2D65D367}.Debug|x86.Build.0 = Debug|Any CPU
		{1727E43B-3BC1-4905-B34D-2B5D2D65D367}.Release|Any CPU.ActiveCfg = Release|Any CPU
		{1727E43B-3BC1-4905-B34D-2B5D2D65D367}.Release|Any CPU.Build.0 = Release|Any CPU
		{1727E43B-3BC1-4905-B34D-2B5D2D65D367}.Release|ARM.ActiveCfg = Release|Any CPU
		{1727E43B-3BC1-4905-B34D-2B5D2D65D367}.Release|ARM.Build.0 = Release|Any CPU
		{1727E43B-3BC1-4905-B34D-2B5D2D65D367}.Release|ARM64.ActiveCfg = Release|Any CPU
		{1727E43B-3BC1-4905-B34D-2B5D2D65D367}.Release|ARM64.Build.0 = Release|Any CPU
		{1727E43B-3BC1-4905-B34D-2B5D2D65D367}.Release|x64.ActiveCfg = Release|Any CPU
		{1727E43B-3BC1-4905-B34D-2B5D2D65D367}.Release|x64.Build.0 = Release|Any CPU
		{1727E43B-3BC1-4905-B34D-2B5D2D65D367}.Release|x86.ActiveCfg = Release|Any CPU
		{1727E43B-3BC1-4905-B34D-2B5D2D65D367}.Release|x86.Build.0 = Release|Any CPU
		{67862DE0-D3E6-4D10-BED4-D10E3018B98C}.Debug|Any CPU.ActiveCfg = Debug|Any CPU
		{67862DE0-D3E6-4D10-BED4-D10E3018B98C}.Debug|Any CPU.Build.0 = Debug|Any CPU
		{67862DE0-D3E6-4D10-BED4-D10E3018B98C}.Debug|ARM.ActiveCfg = Debug|Any CPU
		{67862DE0-D3E6-4D10-BED4-D10E3018B98C}.Debug|ARM.Build.0 = Debug|Any CPU
		{67862DE0-D3E6-4D10-BED4-D10E3018B98C}.Debug|ARM64.ActiveCfg = Debug|Any CPU
		{67862DE0-D3E6-4D10-BED4-D10E3018B98C}.Debug|ARM64.Build.0 = Debug|Any CPU
		{67862DE0-D3E6-4D10-BED4-D10E3018B98C}.Debug|x64.ActiveCfg = Debug|Any CPU
		{67862DE0-D3E6-4D10-BED4-D10E3018B98C}.Debug|x64.Build.0 = Debug|Any CPU
		{67862DE0-D3E6-4D10-BED4-D10E3018B98C}.Debug|x86.ActiveCfg = Debug|Any CPU
		{67862DE0-D3E6-4D10-BED4-D10E3018B98C}.Debug|x86.Build.0 = Debug|Any CPU
		{67862DE0-D3E6-4D10-BED4-D10E3018B98C}.Release|Any CPU.ActiveCfg = Release|Any CPU
		{67862DE0-D3E6-4D10-BED4-D10E3018B98C}.Release|Any CPU.Build.0 = Release|Any CPU
		{67862DE0-D3E6-4D10-BED4-D10E3018B98C}.Release|ARM.ActiveCfg = Release|Any CPU
		{67862DE0-D3E6-4D10-BED4-D10E3018B98C}.Release|ARM.Build.0 = Release|Any CPU
		{67862DE0-D3E6-4D10-BED4-D10E3018B98C}.Release|ARM64.ActiveCfg = Release|Any CPU
		{67862DE0-D3E6-4D10-BED4-D10E3018B98C}.Release|ARM64.Build.0 = Release|Any CPU
		{67862DE0-D3E6-4D10-BED4-D10E3018B98C}.Release|x64.ActiveCfg = Release|Any CPU
		{67862DE0-D3E6-4D10-BED4-D10E3018B98C}.Release|x64.Build.0 = Release|Any CPU
		{67862DE0-D3E6-4D10-BED4-D10E3018B98C}.Release|x86.ActiveCfg = Release|Any CPU
		{67862DE0-D3E6-4D10-BED4-D10E3018B98C}.Release|x86.Build.0 = Release|Any CPU
		{D3A62FC9-4FA1-4237-9CA6-7AB000C18504}.Debug|Any CPU.ActiveCfg = Debug|Any CPU
		{D3A62FC9-4FA1-4237-9CA6-7AB000C18504}.Debug|Any CPU.Build.0 = Debug|Any CPU
		{D3A62FC9-4FA1-4237-9CA6-7AB000C18504}.Debug|ARM.ActiveCfg = Debug|Any CPU
		{D3A62FC9-4FA1-4237-9CA6-7AB000C18504}.Debug|ARM.Build.0 = Debug|Any CPU
		{D3A62FC9-4FA1-4237-9CA6-7AB000C18504}.Debug|ARM64.ActiveCfg = Debug|Any CPU
		{D3A62FC9-4FA1-4237-9CA6-7AB000C18504}.Debug|ARM64.Build.0 = Debug|Any CPU
		{D3A62FC9-4FA1-4237-9CA6-7AB000C18504}.Debug|x64.ActiveCfg = Debug|Any CPU
		{D3A62FC9-4FA1-4237-9CA6-7AB000C18504}.Debug|x64.Build.0 = Debug|Any CPU
		{D3A62FC9-4FA1-4237-9CA6-7AB000C18504}.Debug|x86.ActiveCfg = Debug|Any CPU
		{D3A62FC9-4FA1-4237-9CA6-7AB000C18504}.Debug|x86.Build.0 = Debug|Any CPU
		{D3A62FC9-4FA1-4237-9CA6-7AB000C18504}.Release|Any CPU.ActiveCfg = Release|Any CPU
		{D3A62FC9-4FA1-4237-9CA6-7AB000C18504}.Release|Any CPU.Build.0 = Release|Any CPU
		{D3A62FC9-4FA1-4237-9CA6-7AB000C18504}.Release|ARM.ActiveCfg = Release|Any CPU
		{D3A62FC9-4FA1-4237-9CA6-7AB000C18504}.Release|ARM.Build.0 = Release|Any CPU
		{D3A62FC9-4FA1-4237-9CA6-7AB000C18504}.Release|ARM64.ActiveCfg = Release|Any CPU
		{D3A62FC9-4FA1-4237-9CA6-7AB000C18504}.Release|ARM64.Build.0 = Release|Any CPU
		{D3A62FC9-4FA1-4237-9CA6-7AB000C18504}.Release|x64.ActiveCfg = Release|Any CPU
		{D3A62FC9-4FA1-4237-9CA6-7AB000C18504}.Release|x64.Build.0 = Release|Any CPU
		{D3A62FC9-4FA1-4237-9CA6-7AB000C18504}.Release|x86.ActiveCfg = Release|Any CPU
		{D3A62FC9-4FA1-4237-9CA6-7AB000C18504}.Release|x86.Build.0 = Release|Any CPU
		{EDB91615-5E9F-4F50-8A45-75694944BFC0}.Debug|Any CPU.ActiveCfg = Debug|Any CPU
		{EDB91615-5E9F-4F50-8A45-75694944BFC0}.Debug|Any CPU.Build.0 = Debug|Any CPU
		{EDB91615-5E9F-4F50-8A45-75694944BFC0}.Debug|ARM.ActiveCfg = Debug|Any CPU
		{EDB91615-5E9F-4F50-8A45-75694944BFC0}.Debug|ARM.Build.0 = Debug|Any CPU
		{EDB91615-5E9F-4F50-8A45-75694944BFC0}.Debug|ARM64.ActiveCfg = Debug|Any CPU
		{EDB91615-5E9F-4F50-8A45-75694944BFC0}.Debug|ARM64.Build.0 = Debug|Any CPU
		{EDB91615-5E9F-4F50-8A45-75694944BFC0}.Debug|x64.ActiveCfg = Debug|Any CPU
		{EDB91615-5E9F-4F50-8A45-75694944BFC0}.Debug|x64.Build.0 = Debug|Any CPU
		{EDB91615-5E9F-4F50-8A45-75694944BFC0}.Debug|x86.ActiveCfg = Debug|Any CPU
		{EDB91615-5E9F-4F50-8A45-75694944BFC0}.Debug|x86.Build.0 = Debug|Any CPU
		{EDB91615-5E9F-4F50-8A45-75694944BFC0}.Release|Any CPU.ActiveCfg = Release|Any CPU
		{EDB91615-5E9F-4F50-8A45-75694944BFC0}.Release|Any CPU.Build.0 = Release|Any CPU
		{EDB91615-5E9F-4F50-8A45-75694944BFC0}.Release|ARM.ActiveCfg = Release|Any CPU
		{EDB91615-5E9F-4F50-8A45-75694944BFC0}.Release|ARM.Build.0 = Release|Any CPU
		{EDB91615-5E9F-4F50-8A45-75694944BFC0}.Release|ARM64.ActiveCfg = Release|Any CPU
		{EDB91615-5E9F-4F50-8A45-75694944BFC0}.Release|ARM64.Build.0 = Release|Any CPU
		{EDB91615-5E9F-4F50-8A45-75694944BFC0}.Release|x64.ActiveCfg = Release|Any CPU
		{EDB91615-5E9F-4F50-8A45-75694944BFC0}.Release|x64.Build.0 = Release|Any CPU
		{EDB91615-5E9F-4F50-8A45-75694944BFC0}.Release|x86.ActiveCfg = Release|Any CPU
		{EDB91615-5E9F-4F50-8A45-75694944BFC0}.Release|x86.Build.0 = Release|Any CPU
	EndGlobalSection
	GlobalSection(SolutionProperties) = preSolution
		HideSolutionNode = FALSE
	EndGlobalSection
	GlobalSection(NestedProjects) = preSolution
		{D1479322-CBB3-4405-B44D-700E4571D3F9} = {2D193074-4A62-4680-A9B0-AAF660568AA4}
		{1727E43B-3BC1-4905-B34D-2B5D2D65D367} = {1F811184-F195-46F9-8490-40BFB04C8845}
		{67862DE0-D3E6-4D10-BED4-D10E3018B98C} = {1F811184-F195-46F9-8490-40BFB04C8845}
		{D3A62FC9-4FA1-4237-9CA6-7AB000C18504} = {1F811184-F195-46F9-8490-40BFB04C8845}
		{EDB91615-5E9F-4F50-8A45-75694944BFC0} = {82D5B376-3705-41BD-A5AE-1856786C4C58}
	EndGlobalSection
	GlobalSection(ExtensibilityGlobals) = postSolution
		SolutionGuid = {1F17951E-A643-4F32-968B-52832A538372}
	EndGlobalSection
EndGlobal
